# THIS IS AN AUTOGENERATED FILE. DO NOT EDIT THIS FILE DIRECTLY.
# yarn lockfile v1


aproba@^1.2.0:
  version "1.2.0"
  resolved "https://registry.yarnpkg.com/aproba/-/aproba-1.2.0.tgz#6802e6264efd18c790a1b0d517f0f2627bf2c94a"

datta@^1.1.1:
  version "1.1.1"
  resolved "https://registry.yarnpkg.com/datta/-/datta-1.1.1.tgz#6a4cbef06f82f5db5e00c7981be09da677784287"
  dependencies:
    aproba "^1.2.0"
